
Microsoft Visual Studio Solution File, Format Version 12.00
# Visual Studio Version 17
VisualStudioVersion = 17.1.32210.238
MinimumVisualStudioVersion = 10.0.40219.1
Project("{FAE04EC0-301F-11D3-BF4B-00C04F79EFBC}") = "ADD_Task_2", "ADD_Task_2.csproj", "{1BB8C6A7-BCD5-4B26-88A3-A7DCC59A7C39}"
EndProject
Global
	GlobalSection(SolutionConfigurationPlatforms) = preSolution
		Debug|Any CPU = Debug|Any CPU
		Release|Any CPU = Release|Any CPU
	EndGlobalSection
	GlobalSection(ProjectConfigurationPlatforms) = postSolution
		{1BB8C6A7-BCD5-4B26-88A3-A7DCC59A7C39}.Debug|Any CPU.ActiveCfg = Debug|Any CPU
		{1BB8C6A7-BCD5-4B26-88A3-A7DCC59A7C39}.Debug|Any CPU.Build.0 = Debug|Any CPU
		{1BB8C6A7-BCD5-4B26-88A3-A7DCC59A7C39}.Release|Any CPU.ActiveCfg = Release|Any CPU
		{1BB8C6A7-BCD5-4B26-88A3-A7DCC59A7C39}.Release|Any CPU.Build.0 = Release|Any CPU
	EndGlobalSection
	GlobalSection(SolutionProperties) = preSolution
		HideSolutionNode = FALSE
	EndGlobalSection
	GlobalSection(ExtensibilityGlobals) = postSolution
		SolutionGuid = {B87573E1-D4F7-4422-9E91-B1BD9692CE7B}
	EndGlobalSection
EndGlobal
